
Microsoft Visual Studio Solution File, Format Version 12.00
# Visual Studio Version 17
VisualStudioVersion = 17.1.32421.90
MinimumVisualStudioVersion = 10.0.40219.1
Project("{9A19103F-16F7-4668-BE54-9A1E7A4F7556}") = "Logic", "Logic\Logic.csproj", "{9C8C4F3B-B1EB-42AF-8E45-14F5EFB08A04}"
EndProject
Project("{FAE04EC0-301F-11D3-BF4B-00C04F79EFBC}") = "Tests", "Tests\Tests.csproj", "{21ECE3A5-2EED-4297-807A-B0F0A5AF6934}"
EndProject
Project("{2150E333-8FDC-42A3-9474-1A3956D46DE8}") = "Solution Items", "Solution Items", "{C14C9322-E265-4497-B828-3AB9F019824A}"
	ProjectSection(SolutionItems) = preProject
		readme.txt = readme.txt
	EndProjectSection
EndProject
Global
	GlobalSection(SolutionConfigurationPlatforms) = preSolution
		Debug|Any CPU = Debug|Any CPU
		Release|Any CPU = Release|Any CPU
	EndGlobalSection
	GlobalSection(ProjectConfigurationPlatforms) = postSolution
		{9C8C4F3B-B1EB-42AF-8E45-14F5EFB08A04}.Debug|Any CPU.ActiveCfg = Debug|Any CPU
		{9C8C4F3B-B1EB-42AF-8E45-14F5EFB08A04}.Debug|Any CPU.Build.0 = Debug|Any CPU
		{9C8C4F3B-B1EB-42AF-8E45-14F5EFB08A04}.Release|Any CPU.ActiveCfg = Release|Any CPU
		{9C8C4F3B-B1EB-42AF-8E45-14F5EFB08A04}.Release|Any CPU.Build.0 = Release|Any CPU
		{21ECE3A5-2EED-4297-807A-B0F0A5AF6934}.Debug|Any CPU.ActiveCfg = Debug|Any CPU
		{21ECE3A5-2EED-4297-807A-B0F0A5AF6934}.Debug|Any CPU.Build.0 = Debug|Any CPU
		{21ECE3A5-2EED-4297-807A-B0F0A5AF6934}.Release|Any CPU.ActiveCfg = Release|Any CPU
		{21ECE3A5-2EED-4297-807A-B0F0A5AF6934}.Release|Any CPU.Build.0 = Release|Any CPU
	EndGlobalSection
	GlobalSection(SolutionProperties) = preSolution
		HideSolutionNode = FALSE
	EndGlobalSection
	GlobalSection(ExtensibilityGlobals) = postSolution
		SolutionGuid = {17A0427C-F3BD-4772-9606-39FEEDCC5A7D}
	EndGlobalSection
EndGlobal
